
Microsoft Visual Studio Solution File, Format Version 12.00
# Visual Studio Version 16
VisualStudioVersion = 16.0.34601.136
MinimumVisualStudioVersion = 10.0.40219.1
Project("{F184B08F-C81C-45F6-A57F-5ABD9991F28F}") = "BTLPTTK", "BTLPTTK\BTLPTTK.vbproj", "{B7131A1D-7560-4A98-A397-8079ADB9A27B}"
EndProject
Global
	GlobalSection(SolutionConfigurationPlatforms) = preSolution
		Debug|Any CPU = Debug|Any CPU
		Release|Any CPU = Release|Any CPU
	EndGlobalSection
	GlobalSection(ProjectConfigurationPlatforms) = postSolution
		{B7131A1D-7560-4A98-A397-8079ADB9A27B}.Debug|Any CPU.ActiveCfg = Debug|Any CPU
		{B7131A1D-7560-4A98-A397-8079ADB9A27B}.Debug|Any CPU.Build.0 = Debug|Any CPU
		{B7131A1D-7560-4A98-A397-8079ADB9A27B}.Release|Any CPU.ActiveCfg = Release|Any CPU
		{B7131A1D-7560-4A98-A397-8079ADB9A27B}.Release|Any CPU.Build.0 = Release|Any CPU
	EndGlobalSection
	GlobalSection(SolutionProperties) = preSolution
		HideSolutionNode = FALSE
	EndGlobalSection
	GlobalSection(ExtensibilityGlobals) = postSolution
		SolutionGuid = {3982CF73-B44E-42DF-A7DE-AB24DF8F7231}
	EndGlobalSection
EndGlobal
